
Microsoft Visual Studio Solution File, Format Version 12.00
# Visual Studio Version 16
VisualStudioVersion = 16.0.28711.60
MinimumVisualStudioVersion = 10.0.40219.1
Project("{9A19103F-16F7-4668-BE54-9A1E7A4F7556}") = "Project2015To2017.Tests", "Project2015To2017.Tests\Project2015To2017.Tests.csproj", "{1AF63B37-E57F-41F1-B34F-177DBC927D97}"
EndProject
Project("{2150E333-8FDC-42A3-9474-1A3956D46DE8}") = "Solution Items", "Solution Items", "{5897C612-2D68-4B30-875D-4D10D387219F}"
	ProjectSection(SolutionItems) = preProject
		.editorconfig = .editorconfig
		appveyor.yml = appveyor.yml
		Directory.Build.props = Directory.Build.props
		README.md = README.md
	EndProjectSection
EndProject
Project("{9A19103F-16F7-4668-BE54-9A1E7A4F7556}") = "Project2015To2017", "Project2015To2017\Project2015To2017.csproj", "{88CBADAB-10F5-4C15-A0E9-F0042DD8BC0C}"
EndProject
Project("{9A19103F-16F7-4668-BE54-9A1E7A4F7556}") = "Project2015To2017.Core", "Project2015To2017.Core\Project2015To2017.Core.csproj", "{D9D7DB74-7503-47B3-ABFB-E6B991082E47}"
EndProject
Project("{9A19103F-16F7-4668-BE54-9A1E7A4F7556}") = "Project2015To2017.Console", "Project2015To2017.Console\Project2015To2017.Console.csproj", "{89BDCF6C-0B08-4545-9423-CBBBD826226B}"
EndProject
Project("{9A19103F-16F7-4668-BE54-9A1E7A4F7556}") = "Project2015To2017.Migrate2017.Tool", "Project2015To2017.Migrate2017.Tool\Project2015To2017.Migrate2017.Tool.csproj", "{449F6C91-0C98-40CE-8819-D24BD6FFE2C5}"
EndProject
Project("{9A19103F-16F7-4668-BE54-9A1E7A4F7556}") = "Project2015To2017.Migrate2017.Library", "Project2015To2017.Migrate2017.Library\Project2015To2017.Migrate2017.Library.csproj", "{EBB75840-2B0E-4F56-B702-E256E34A40C1}"
EndProject
Project("{9A19103F-16F7-4668-BE54-9A1E7A4F7556}") = "Project2015To2017.Migrate2019.Library", "Project2015To2017.Migrate2019.Library\Project2015To2017.Migrate2019.Library.csproj", "{69EB7F70-ACFD-43F7-829E-2FC340A27E41}"
EndProject
Global
	GlobalSection(SolutionConfigurationPlatforms) = preSolution
		Debug|Any CPU = Debug|Any CPU
		Release|Any CPU = Release|Any CPU
	EndGlobalSection
	GlobalSection(ProjectConfigurationPlatforms) = postSolution
		{1AF63B37-E57F-41F1-B34F-177DBC927D97}.Debug|Any CPU.ActiveCfg = Debug|Any CPU
		{1AF63B37-E57F-41F1-B34F-177DBC927D97}.Debug|Any CPU.Build.0 = Debug|Any CPU
		{1AF63B37-E57F-41F1-B34F-177DBC927D97}.Release|Any CPU.ActiveCfg = Release|Any CPU
		{1AF63B37-E57F-41F1-B34F-177DBC927D97}.Release|Any CPU.Build.0 = Release|Any CPU
		{88CBADAB-10F5-4C15-A0E9-F0042DD8BC0C}.Debug|Any CPU.ActiveCfg = Debug|Any CPU
		{88CBADAB-10F5-4C15-A0E9-F0042DD8BC0C}.Debug|Any CPU.Build.0 = Debug|Any CPU
		{88CBADAB-10F5-4C15-A0E9-F0042DD8BC0C}.Release|Any CPU.ActiveCfg = Release|Any CPU
		{88CBADAB-10F5-4C15-A0E9-F0042DD8BC0C}.Release|Any CPU.Build.0 = Release|Any CPU
		{D9D7DB74-7503-47B3-ABFB-E6B991082E47}.Debug|Any CPU.ActiveCfg = Debug|Any CPU
		{D9D7DB74-7503-47B3-ABFB-E6B991082E47}.Debug|Any CPU.Build.0 = Debug|Any CPU
		{D9D7DB74-7503-47B3-ABFB-E6B991082E47}.Release|Any CPU.ActiveCfg = Release|Any CPU
		{D9D7DB74-7503-47B3-ABFB-E6B991082E47}.Release|Any CPU.Build.0 = Release|Any CPU
		{89BDCF6C-0B08-4545-9423-CBBBD826226B}.Debug|Any CPU.ActiveCfg = Debug|Any CPU
		{89BDCF6C-0B08-4545-9423-CBBBD826226B}.Debug|Any CPU.Build.0 = Debug|Any CPU
		{89BDCF6C-0B08-4545-9423-CBBBD826226B}.Release|Any CPU.ActiveCfg = Release|Any CPU
		{89BDCF6C-0B08-4545-9423-CBBBD826226B}.Release|Any CPU.Build.0 = Release|Any CPU
		{449F6C91-0C98-40CE-8819-D24BD6FFE2C5}.Debug|Any CPU.ActiveCfg = Debug|Any CPU
		{449F6C91-0C98-40CE-8819-D24BD6FFE2C5}.Debug|Any CPU.Build.0 = Debug|Any CPU
		{449F6C91-0C98-40CE-8819-D24BD6FFE2C5}.Release|Any CPU.ActiveCfg = Release|Any CPU
		{449F6C91-0C98-40CE-8819-D24BD6FFE2C5}.Release|Any CPU.Build.0 = Release|Any CPU
		{EBB75840-2B0E-4F56-B702-E256E34A40C1}.Debug|Any CPU.ActiveCfg = Debug|Any CPU
		{EBB75840-2B0E-4F56-B702-E256E34A40C1}.Debug|Any CPU.Build.0 = Debug|Any CPU
		{EBB75840-2B0E-4F56-B702-E256E34A40C1}.Release|Any CPU.ActiveCfg = Release|Any CPU
		{EBB75840-2B0E-4F56-B702-E256E34A40C1}.Release|Any CPU.Build.0 = Release|Any CPU
		{69EB7F70-ACFD-43F7-829E-2FC340A27E41}.Debug|Any CPU.ActiveCfg = Debug|Any CPU
		{69EB7F70-ACFD-43F7-829E-2FC340A27E41}.Debug|Any CPU.Build.0 = Debug|Any CPU
		{69EB7F70-ACFD-43F7-829E-2FC340A27E41}.Release|Any CPU.ActiveCfg = Release|Any CPU
		{69EB7F70-ACFD-43F7-829E-2FC340A27E41}.Release|Any CPU.Build.0 = Release|Any CPU
	EndGlobalSection
	GlobalSection(SolutionProperties) = preSolution
		HideSolutionNode = FALSE
	EndGlobalSection
	GlobalSection(ExtensibilityGlobals) = postSolution
		SolutionGuid = {23B4DBC6-9379-43AE-BC12-3BD4BEA6B4F6}
	EndGlobalSection
EndGlobal
