
Microsoft Visual Studio Solution File, Format Version 12.00
# Visual Studio 15
VisualStudioVersion = 15.0.26430.6
MinimumVisualStudioVersion = 10.0.40219.1
Project("{9A19103F-16F7-4668-BE54-9A1E7A4F7556}") = "Project2015To2017", "Project2015To2017\Project2015To2017.csproj", "{04DF2706-B59A-4BB5-ADA8-97F036104CC0}"
EndProject
Project("{9A19103F-16F7-4668-BE54-9A1E7A4F7556}") = "Project2015To2017Tests", "Project2015To2017Tests\Project2015To2017Tests.csproj", "{1AF63B37-E57F-41F1-B34F-177DBC927D97}"
EndProject
Global
	GlobalSection(SolutionConfigurationPlatforms) = preSolution
		Debug|Any CPU = Debug|Any CPU
		Release|Any CPU = Release|Any CPU
	EndGlobalSection
	GlobalSection(ProjectConfigurationPlatforms) = postSolution
		{04DF2706-B59A-4BB5-ADA8-97F036104CC0}.Debug|Any CPU.ActiveCfg = Debug|Any CPU
		{04DF2706-B59A-4BB5-ADA8-97F036104CC0}.Debug|Any CPU.Build.0 = Debug|Any CPU
		{04DF2706-B59A-4BB5-ADA8-97F036104CC0}.Release|Any CPU.ActiveCfg = Release|Any CPU
		{04DF2706-B59A-4BB5-ADA8-97F036104CC0}.Release|Any CPU.Build.0 = Release|Any CPU
		{1AF63B37-E57F-41F1-B34F-177DBC927D97}.Debug|Any CPU.ActiveCfg = Debug|Any CPU
		{1AF63B37-E57F-41F1-B34F-177DBC927D97}.Debug|Any CPU.Build.0 = Debug|Any CPU
		{1AF63B37-E57F-41F1-B34F-177DBC927D97}.Release|Any CPU.ActiveCfg = Release|Any CPU
		{1AF63B37-E57F-41F1-B34F-177DBC927D97}.Release|Any CPU.Build.0 = Release|Any CPU
	EndGlobalSection
	GlobalSection(SolutionProperties) = preSolution
		HideSolutionNode = FALSE
	EndGlobalSection
EndGlobal
